// !$*UTF8*$!
{
	archiveVersion = 1;
	classes = {
	};
	objectVersion = 56;
	objects = {

/* Begin PBXBuildFile section */
		03BA04A03A5948659603926B /* ds4_ssd.c in Sources */ = {isa = PBXBuildFile; fileRef = 314AB99ECE3640AEB79DF3C4 /* ds4_ssd.c */; settings = {COMPILER_FLAGS = "-O3 -ffast-math -Wall -Wextra -std=gnu99 -Wno-unused-parameter -Wno-unused-variable -Wno-sign-compare"; }; };
		0B71CDEB39A04297BB12CD9E /* rax.c in Sources */ = {isa = PBXBuildFile; fileRef = 8BB75FCA20DB44F68D9F8303 /* rax.c */; settings = {COMPILER_FLAGS = "-O3 -ffast-math -Wall -Wextra -std=gnu99 -Wno-unused-parameter -Wno-unused-variable -Wno-sign-compare"; }; };
		2791E2B6E8AD4B5B9278E80D /* ModelSetupWindowController.swift in Sources */ = {isa = PBXBuildFile; fileRef = 3FDA6F580DA649AB9D5E025C /* ModelSetupWindowController.swift */; };
		2AA62147EAEA44BFB348F154 /* ServerManager.swift in Sources */ = {isa = PBXBuildFile; fileRef = 44D0BD1F5CFD469ABF592CB5 /* ServerManager.swift */; };
		4A02EA65745942FDA8371431 /* SettingsWindowController.swift in Sources */ = {isa = PBXBuildFile; fileRef = ACA62DCDFD28450FA6956E76 /* SettingsWindowController.swift */; };
		78E07086B9C04137A5D9AE17 /* ds4.c in Sources */ = {isa = PBXBuildFile; fileRef = 27C95AEB3CF945188B08DC9B /* ds4.c */; settings = {COMPILER_FLAGS = "-O3 -ffast-math -Wall -Wextra -std=gnu99 -Wno-unused-parameter -Wno-unused-variable -Wno-sign-compare"; }; };
		7E5695DF7C4749EC96B4AD11 /* ds4_kvstore.c in Sources */ = {isa = PBXBuildFile; fileRef = 9BD943C79C5045AC8F06D013 /* ds4_kvstore.c */; settings = {COMPILER_FLAGS = "-O3 -ffast-math -Wall -Wextra -std=gnu99 -Wno-unused-parameter -Wno-unused-variable -Wno-sign-compare"; }; };
		8947E93D2F6C496D9CCB03B5 /* Localizable.strings in Resources */ = {isa = PBXBuildFile; fileRef = FB9BF6882E474D3D9E0B7CF7 /* Localizable.strings */; };
		8CFA61FB9DCC4AEB84B7DAED /* Localizable.strings in Resources */ = {isa = PBXBuildFile; fileRef = BDD0F3DBBC8141E9BAB8567E /* Localizable.strings */; };
		8ED7F383E14C4EA48A9F5CC0 /* ds4_help.c in Sources */ = {isa = PBXBuildFile; fileRef = 0F056445687C41AC84393A63 /* ds4_help.c */; settings = {COMPILER_FLAGS = "-O3 -ffast-math -Wall -Wextra -std=gnu99 -Wno-unused-parameter -Wno-unused-variable -Wno-sign-compare"; }; };
		98E04E3EDEC343A2A8741D6E /* L10n.swift in Sources */ = {isa = PBXBuildFile; fileRef = 744491287902463489E1B6A8 /* L10n.swift */; };
		9CF55F0F59894D0EB255222A /* ds4_server_embed.c in Sources */ = {isa = PBXBuildFile; fileRef = E6E9FE38885C41A78452D3E8 /* ds4_server_embed.c */; settings = {COMPILER_FLAGS = "-O3 -ffast-math -Wall -Wextra -std=gnu99 -Wno-unused-parameter -Wno-unused-variable -Wno-sign-compare"; }; };
		A956F329F3F441EABB11BC1F /* ds4_distributed.c in Sources */ = {isa = PBXBuildFile; fileRef = 958ABAF9DC4C4EAFB5B03E7B /* ds4_distributed.c */; settings = {COMPILER_FLAGS = "-O3 -ffast-math -Wall -Wextra -std=gnu99 -Wno-unused-parameter -Wno-unused-variable -Wno-sign-compare"; }; };
		AF0DD7D9BC0F442E9FA0D930 /* Localizable.strings in Resources */ = {isa = PBXBuildFile; fileRef = 76C3057D03594A2D81E859D0 /* Localizable.strings */; };
		AF1F75BA7F014BE9A85418DC /* AppDelegate.swift in Sources */ = {isa = PBXBuildFile; fileRef = 1188F867B3F44EDD8C1B17D0 /* AppDelegate.swift */; };
		B288C09478CD4633B53DB17B /* Settings.swift in Sources */ = {isa = PBXBuildFile; fileRef = 1155FAEF81FC4FAF86522595 /* Settings.swift */; };
		FF66EE55DD44CC33BB22AA11 /* LaunchAtLoginManager.swift in Sources */ = {isa = PBXBuildFile; fileRef = AA11BB22CC33DD44EE55FF66 /* LaunchAtLoginManager.swift */; };
		C442BEE1C97F4953B6875A24 /* main.swift in Sources */ = {isa = PBXBuildFile; fileRef = 0DE4CF016D7A4CE8BAB47C63 /* main.swift */; };
		C5BD296B8BFC49308715AC17 /* LogWindowController.swift in Sources */ = {isa = PBXBuildFile; fileRef = 8FF47427D4014EDBB30ADCF7 /* LogWindowController.swift */; };
		D5FFB7305B304EA5AED5E26F /* Localizable.strings in Resources */ = {isa = PBXBuildFile; fileRef = F3B0A6FA412345209D7301A9 /* Localizable.strings */; };
		F94FD57E5B7F4A4388FE6D82 /* ds4_metal.m in Sources */ = {isa = PBXBuildFile; fileRef = D8ECA74BEF64449F939DF195 /* ds4_metal.m */; settings = {COMPILER_FLAGS = "-O3 -ffast-math -Wall -Wextra -std=gnu99 -Wno-unused-parameter -Wno-unused-variable -Wno-sign-compare"; }; };
		002D8CABFA444207B8DA13A5 = {isa = PBXBuildFile; fileRef = 03D0B52B73E145C3B9AB1513 /* Assets.xcassets */; };
		F8C1AC82A3E04BD2B21B9F90 = {isa = PBXBuildFile; fileRef = EBBCFD84B71D435DAC119639 /* AppIcon.icns */; };
		DDCCBBAA44332211DDCCBBAA /* ServiceManagement.framework in Frameworks */ = {isa = PBXBuildFile; fileRef = AABBCCDD11223344AABBCCDD /* ServiceManagement.framework */; };
		D5AA0000000000000000AA02 /* metal in Copy Metal Shaders */ = {isa = PBXBuildFile; fileRef = D5AA0000000000000000AA01 /* metal */; };
		D5AA0000000000000000AA20 /* ds4_layer_pack.c in Sources */ = {isa = PBXBuildFile; fileRef = D5AA0000000000000000AA10 /* ds4_layer_pack.c */; settings = {COMPILER_FLAGS = "-O3 -ffast-math -Wall -Wextra -std=gnu99 -Wno-unused-parameter -Wno-unused-variable -Wno-sign-compare"; }; };
		D5AA0000000000000000AA21 /* ds4_tp.c in Sources */ = {isa = PBXBuildFile; fileRef = D5AA0000000000000000AA11 /* ds4_tp.c */; settings = {COMPILER_FLAGS = "-O3 -ffast-math -Wall -Wextra -std=gnu99 -Wno-unused-parameter -Wno-unused-variable -Wno-sign-compare"; }; };
		D5AA0000000000000000AA22 /* ds4_gpu_args.c in Sources */ = {isa = PBXBuildFile; fileRef = D5AA0000000000000000AA12 /* ds4_gpu_args.c */; settings = {COMPILER_FLAGS = "-O3 -ffast-math -Wall -Wextra -std=gnu99 -Wno-unused-parameter -Wno-unused-variable -Wno-sign-compare"; }; };
/* End PBXBuildFile section */

/* Begin PBXCopyFilesBuildPhase section */
		14461AF0197645E7BB7BD04E /* Copy Metal Shaders */ = {
			isa = PBXCopyFilesBuildPhase;
			buildActionMask = 2147483647;
			dstPath = "";
			dstSubfolderSpec = 7;
			files = (
				D5AA0000000000000000AA02 /* metal in Copy Metal Shaders */,
			);
			name = "Copy Metal Shaders";
			runOnlyForDeploymentPostprocessing = 0;
		};
/* End PBXCopyFilesBuildPhase section */

/* Begin PBXFileReference section */
		02EB5B01564440EDAAE359FD /* DS4.app */ = {isa = PBXFileReference; explicitFileType = wrapper.application; includeInIndex = 0; path = DS4.app; sourceTree = BUILT_PRODUCTS_DIR; };
		0890C94401074343A4BB4E3A /* rax.h */ = {isa = PBXFileReference; fileEncoding = 4; lastKnownFileType = sourcecode.c.h; name = rax.h; path = "ds4-engine/upstream/rax.h"; sourceTree = SOURCE_ROOT; };
		0DE4CF016D7A4CE8BAB47C63 /* main.swift */ = {isa = PBXFileReference; fileEncoding = 4; lastKnownFileType = sourcecode.swift; name = main.swift; path = Sources/main.swift; sourceTree = SOURCE_ROOT; };
		0F056445687C41AC84393A63 /* ds4_help.c */ = {isa = PBXFileReference; fileEncoding = 4; lastKnownFileType = sourcecode.c.c; name = ds4_help.c; path = "ds4-engine/upstream/ds4_help.c"; sourceTree = SOURCE_ROOT; };
		1155FAEF81FC4FAF86522595 /* Settings.swift */ = {isa = PBXFileReference; fileEncoding = 4; lastKnownFileType = sourcecode.swift; name = Settings.swift; path = Sources/Settings.swift; sourceTree = SOURCE_ROOT; };
		AA11BB22CC33DD44EE55FF66 /* LaunchAtLoginManager.swift */ = {isa = PBXFileReference; fileEncoding = 4; lastKnownFileType = sourcecode.swift; name = LaunchAtLoginManager.swift; path = Sources/LaunchAtLoginManager.swift; sourceTree = SOURCE_ROOT; };
		1188F867B3F44EDD8C1B17D0 /* AppDelegate.swift */ = {isa = PBXFileReference; fileEncoding = 4; lastKnownFileType = sourcecode.swift; name = AppDelegate.swift; path = Sources/AppDelegate.swift; sourceTree = SOURCE_ROOT; };
		27C95AEB3CF945188B08DC9B /* ds4.c */ = {isa = PBXFileReference; fileEncoding = 4; lastKnownFileType = sourcecode.c.c; name = ds4.c; path = "ds4-engine/upstream/ds4.c"; sourceTree = SOURCE_ROOT; };
		314AB99ECE3640AEB79DF3C4 /* ds4_ssd.c */ = {isa = PBXFileReference; fileEncoding = 4; lastKnownFileType = sourcecode.c.c; name = ds4_ssd.c; path = "ds4-engine/upstream/ds4_ssd.c"; sourceTree = SOURCE_ROOT; };
		357A053E654940E4AF638655 /* ds4_help.h */ = {isa = PBXFileReference; fileEncoding = 4; lastKnownFileType = sourcecode.c.h; name = ds4_help.h; path = "ds4-engine/upstream/ds4_help.h"; sourceTree = SOURCE_ROOT; };
		3FDA6F580DA649AB9D5E025C /* ModelSetupWindowController.swift */ = {isa = PBXFileReference; fileEncoding = 4; lastKnownFileType = sourcecode.swift; name = ModelSetupWindowController.swift; path = Sources/ModelSetupWindowController.swift; sourceTree = SOURCE_ROOT; };
		44D0BD1F5CFD469ABF592CB5 /* ServerManager.swift */ = {isa = PBXFileReference; fileEncoding = 4; lastKnownFileType = sourcecode.swift; name = ServerManager.swift; path = Sources/ServerManager.swift; sourceTree = SOURCE_ROOT; };
		468F76E98F7349B08EEFCB46 /* ds4_gpu.h */ = {isa = PBXFileReference; fileEncoding = 4; lastKnownFileType = sourcecode.c.h; name = ds4_gpu.h; path = "ds4-engine/upstream/ds4_gpu.h"; sourceTree = SOURCE_ROOT; };
		4FCC09E5F09C43EB9A13F06D /* ds4_kvstore.h */ = {isa = PBXFileReference; fileEncoding = 4; lastKnownFileType = sourcecode.c.h; name = ds4_kvstore.h; path = "ds4-engine/upstream/ds4_kvstore.h"; sourceTree = SOURCE_ROOT; };
		72FA5E1994544E308C9DEC72 /* ds4_distributed.h */ = {isa = PBXFileReference; fileEncoding = 4; lastKnownFileType = sourcecode.c.h; name = ds4_distributed.h; path = "ds4-engine/upstream/ds4_distributed.h"; sourceTree = SOURCE_ROOT; };
		744491287902463489E1B6A8 /* L10n.swift */ = {isa = PBXFileReference; fileEncoding = 4; lastKnownFileType = sourcecode.swift; name = L10n.swift; path = Sources/L10n.swift; sourceTree = SOURCE_ROOT; };
		76C3057D03594A2D81E859D0 /* Localizable.strings */ = {isa = PBXFileReference; fileEncoding = 4; lastKnownFileType = text.plist.strings; name = Localizable.strings; path = Sources/Resources/en.lproj/Localizable.strings; sourceTree = SOURCE_ROOT; };
		7DB35C2F606848BC876D6918 /* rax_malloc.h */ = {isa = PBXFileReference; fileEncoding = 4; lastKnownFileType = sourcecode.c.h; name = rax_malloc.h; path = "ds4-engine/upstream/rax_malloc.h"; sourceTree = SOURCE_ROOT; };
		8395F8AE5BBE4556AD2E5CD9 /* ds4engine.h */ = {isa = PBXFileReference; fileEncoding = 4; lastKnownFileType = sourcecode.c.h; name = ds4engine.h; path = "ds4-engine/embed/include/ds4engine.h"; sourceTree = SOURCE_ROOT; };
		8BB75FCA20DB44F68D9F8303 /* rax.c */ = {isa = PBXFileReference; fileEncoding = 4; lastKnownFileType = sourcecode.c.c; name = rax.c; path = "ds4-engine/upstream/rax.c"; sourceTree = SOURCE_ROOT; };
		8FF47427D4014EDBB30ADCF7 /* LogWindowController.swift */ = {isa = PBXFileReference; fileEncoding = 4; lastKnownFileType = sourcecode.swift; name = LogWindowController.swift; path = Sources/LogWindowController.swift; sourceTree = SOURCE_ROOT; };
		93CCA1FECA604C57BB4DFE3C /* ds4_ssd.h */ = {isa = PBXFileReference; fileEncoding = 4; lastKnownFileType = sourcecode.c.h; name = ds4_ssd.h; path = "ds4-engine/upstream/ds4_ssd.h"; sourceTree = SOURCE_ROOT; };
		958ABAF9DC4C4EAFB5B03E7B /* ds4_distributed.c */ = {isa = PBXFileReference; fileEncoding = 4; lastKnownFileType = sourcecode.c.c; name = ds4_distributed.c; path = "ds4-engine/upstream/ds4_distributed.c"; sourceTree = SOURCE_ROOT; };
		9BD943C79C5045AC8F06D013 /* ds4_kvstore.c */ = {isa = PBXFileReference; fileEncoding = 4; lastKnownFileType = sourcecode.c.c; name = ds4_kvstore.c; path = "ds4-engine/upstream/ds4_kvstore.c"; sourceTree = SOURCE_ROOT; };
		A5D43456DD0947E0B29C0884 /* Info.plist */ = {isa = PBXFileReference; fileEncoding = 4; lastKnownFileType = text.plist.xml; name = Info.plist; path = Sources/Info.plist; sourceTree = SOURCE_ROOT; };
		ACA62DCDFD28450FA6956E76 /* SettingsWindowController.swift */ = {isa = PBXFileReference; fileEncoding = 4; lastKnownFileType = sourcecode.swift; name = SettingsWindowController.swift; path = Sources/SettingsWindowController.swift; sourceTree = SOURCE_ROOT; };
		BDD0F3DBBC8141E9BAB8567E /* Localizable.strings */ = {isa = PBXFileReference; fileEncoding = 4; lastKnownFileType = text.plist.strings; name = Localizable.strings; path = "Sources/Resources/zh-Hans.lproj/Localizable.strings"; sourceTree = SOURCE_ROOT; };
		D8ECA74BEF64449F939DF195 /* ds4_metal.m */ = {isa = PBXFileReference; fileEncoding = 4; lastKnownFileType = sourcecode.c.objc; name = ds4_metal.m; path = "ds4-engine/upstream/ds4_metal.m"; sourceTree = SOURCE_ROOT; };
		E6E9FE38885C41A78452D3E8 /* ds4_server_embed.c */ = {isa = PBXFileReference; fileEncoding = 4; lastKnownFileType = sourcecode.c.c; name = ds4_server_embed.c; path = "ds4-engine/embed/ds4_server_embed.c"; sourceTree = SOURCE_ROOT; };
		F3B0A6FA412345209D7301A9 /* Localizable.strings */ = {isa = PBXFileReference; fileEncoding = 4; lastKnownFileType = text.plist.strings; name = Localizable.strings; path = Sources/Resources/ja.lproj/Localizable.strings; sourceTree = SOURCE_ROOT; };
		F878FBCB5582428D9B21BB01 /* ds4.h */ = {isa = PBXFileReference; fileEncoding = 4; lastKnownFileType = sourcecode.c.h; name = ds4.h; path = "ds4-engine/upstream/ds4.h"; sourceTree = SOURCE_ROOT; };
		FB9BF6882E474D3D9E0B7CF7 /* Localizable.strings */ = {isa = PBXFileReference; fileEncoding = 4; lastKnownFileType = text.plist.strings; name = Localizable.strings; path = "Sources/Resources/zh-Hant.lproj/Localizable.strings"; sourceTree = SOURCE_ROOT; };
		03D0B52B73E145C3B9AB1513 = {isa = PBXFileReference; lastKnownFileType = folder.assetcatalog; name = "Assets.xcassets"; path = "Sources/Assets.xcassets"; sourceTree = SOURCE_ROOT; };
		EBBCFD84B71D435DAC119639 = {isa = PBXFileReference; lastKnownFileType = image.icns; name = "AppIcon.icns"; path = "Sources/AppIcon.icns"; sourceTree = SOURCE_ROOT; };
		AABBCCDD11223344AABBCCDD /* ServiceManagement.framework */ = {isa = PBXFileReference; lastKnownFileType = wrapper.framework; name = ServiceManagement.framework; path = System/Library/Frameworks/ServiceManagement.framework; sourceTree = SDKROOT; };
		D5AA0000000000000000AA01 /* metal */ = {isa = PBXFileReference; lastKnownFileType = folder; name = metal; path = "ds4-engine/upstream/metal"; sourceTree = SOURCE_ROOT; };
		D5AA0000000000000000AA10 /* ds4_layer_pack.c */ = {isa = PBXFileReference; fileEncoding = 4; lastKnownFileType = sourcecode.c.c; name = ds4_layer_pack.c; path = "ds4-engine/upstream/ds4_layer_pack.c"; sourceTree = SOURCE_ROOT; };
		D5AA0000000000000000AA11 /* ds4_tp.c */ = {isa = PBXFileReference; fileEncoding = 4; lastKnownFileType = sourcecode.c.c; name = ds4_tp.c; path = "ds4-engine/upstream/ds4_tp.c"; sourceTree = SOURCE_ROOT; };
		D5AA0000000000000000AA12 /* ds4_gpu_args.c */ = {isa = PBXFileReference; fileEncoding = 4; lastKnownFileType = sourcecode.c.c; name = ds4_gpu_args.c; path = "ds4-engine/upstream/ds4_gpu_args.c"; sourceTree = SOURCE_ROOT; };
/* End PBXFileReference section */

/* Begin PBXFrameworksBuildPhase section */
		C291CD7653464728A9125509 /* Frameworks */ = {
			isa = PBXFrameworksBuildPhase;
			buildActionMask = 2147483647;
			files = (
			);
			runOnlyForDeploymentPostprocessing = 0;
		};
/* End PBXFrameworksBuildPhase section */

/* Begin PBXGroup section */
		03FD6924FEBF4BA5B28D9594 /* Localizations */ = {
			isa = PBXGroup;
			children = (
				76C3057D03594A2D81E859D0 /* Localizable.strings */,
				BDD0F3DBBC8141E9BAB8567E /* Localizable.strings */,
				FB9BF6882E474D3D9E0B7CF7 /* Localizable.strings */,
				F3B0A6FA412345209D7301A9 /* Localizable.strings */,
			);
			name = Localizations;
			sourceTree = "<group>";
		};
		13376AD52D4C4F04B853F2C9 /* ds4-engine */ = {
			isa = PBXGroup;
			children = (
				B65AD2A5671C47839B5B4079 /* Sources */,
				9E9E9899309D48DEA86D97E1 /* Headers */,
			);
			name = "ds4-engine";
			sourceTree = "<group>";
		};
		15FDB311E18F4E57B4067171 /* Resources */ = {
			isa = PBXGroup;
			children = (
				03FD6924FEBF4BA5B28D9594 /* Localizations */,
				4FE8F5FBB9AE400CBEB58635 /* Metal */,
			);
			name = Resources;
			sourceTree = "<group>";
		};
		475A7F7A75EF48BE812DEEF8 = {
			isa = PBXGroup;
			children = (
				DED4149CB5D14215936F1BB2 /* Sources */,
				13376AD52D4C4F04B853F2C9 /* ds4-engine */,
				15FDB311E18F4E57B4067171 /* Resources */,
				81F85945C16F490C9F091E6F /* Products */,
			);
			sourceTree = "<group>";
		};
		4FE8F5FBB9AE400CBEB58635 /* Metal */ = {
			isa = PBXGroup;
			children = (
				D5AA0000000000000000AA01 /* metal */,
			);
			name = Metal;
			sourceTree = "<group>";
		};
		81F85945C16F490C9F091E6F /* Products */ = {
			isa = PBXGroup;
			children = (
				02EB5B01564440EDAAE359FD /* DS4.app */,
			);
			name = Products;
			sourceTree = "<group>";
		};
		9E9E9899309D48DEA86D97E1 /* Headers */ = {
			isa = PBXGroup;
			children = (
				8395F8AE5BBE4556AD2E5CD9 /* ds4engine.h */,
				F878FBCB5582428D9B21BB01 /* ds4.h */,
				468F76E98F7349B08EEFCB46 /* ds4_gpu.h */,
				72FA5E1994544E308C9DEC72 /* ds4_distributed.h */,
				93CCA1FECA604C57BB4DFE3C /* ds4_ssd.h */,
				357A053E654940E4AF638655 /* ds4_help.h */,
				4FCC09E5F09C43EB9A13F06D /* ds4_kvstore.h */,
				0890C94401074343A4BB4E3A /* rax.h */,
				7DB35C2F606848BC876D6918 /* rax_malloc.h */,
			);
			name = Headers;
			sourceTree = "<group>";
		};
		B65AD2A5671C47839B5B4079 /* Sources */ = {
			isa = PBXGroup;
			children = (
				27C95AEB3CF945188B08DC9B /* ds4.c */,
				314AB99ECE3640AEB79DF3C4 /* ds4_ssd.c */,
				958ABAF9DC4C4EAFB5B03E7B /* ds4_distributed.c */,
				D8ECA74BEF64449F939DF195 /* ds4_metal.m */,
				E6E9FE38885C41A78452D3E8 /* ds4_server_embed.c */,
				0F056445687C41AC84393A63 /* ds4_help.c */,
				9BD943C79C5045AC8F06D013 /* ds4_kvstore.c */,
				8BB75FCA20DB44F68D9F8303 /* rax.c */,
				D5AA0000000000000000AA10 /* ds4_layer_pack.c */,
				D5AA0000000000000000AA11 /* ds4_tp.c */,
				D5AA0000000000000000AA12 /* ds4_gpu_args.c */,
			);
			name = Sources;
			sourceTree = "<group>";
		};
		DED4149CB5D14215936F1BB2 /* Sources */ = {
			isa = PBXGroup;
			children = (
				A5D43456DD0947E0B29C0884 /* Info.plist */,
				1188F867B3F44EDD8C1B17D0 /* AppDelegate.swift */,
				744491287902463489E1B6A8 /* L10n.swift */,
				8FF47427D4014EDBB30ADCF7 /* LogWindowController.swift */,
				3FDA6F580DA649AB9D5E025C /* ModelSetupWindowController.swift */,
				44D0BD1F5CFD469ABF592CB5 /* ServerManager.swift */,
				1155FAEF81FC4FAF86522595 /* Settings.swift */,
				AA11BB22CC33DD44EE55FF66 /* LaunchAtLoginManager.swift */,
				ACA62DCDFD28450FA6956E76 /* SettingsWindowController.swift */,
				0DE4CF016D7A4CE8BAB47C63 /* main.swift */,
			);
			name = Sources;
			sourceTree = "<group>";
		};
/* End PBXGroup section */

/* Begin PBXNativeTarget section */
		D061DCF4E01E4FC3B7159E78 /* DS4 */ = {
			isa = PBXNativeTarget;
			buildConfigurationList = 7D5FD5F5F0B0498984845E9D /* Build configuration list for PBXNativeTarget "DS4" */;
			buildPhases = (
				CE29FD9B3AFA4DE7BBB13E96 /* Sources */,
				C291CD7653464728A9125509 /* Frameworks */,
				893888A6584E4CB18768BA46 /* Resources */,
				14461AF0197645E7BB7BD04E /* Copy Metal Shaders */,
				48B5665F547847CD890CAA74 /* Re-sign without Sandbox (Debug only) */,
			);
			buildRules = (
			);
			dependencies = (
			);
			name = DS4;
			productName = DS4;
			productReference = 02EB5B01564440EDAAE359FD /* DS4.app */;
			productType = "com.apple.product-type.application";
		};
/* End PBXNativeTarget section */

/* Begin PBXProject section */
		9520C0ED2CD54E6FB9152F04 /* Project object */ = {
			isa = PBXProject;
			attributes = {
				BuildIndependentTargetsInParallel = 1;
				LastSwiftUpdateCheck = 1640;
				LastUpgradeCheck = 2640;
				ORGANIZATIONNAME = iopanda;
			};
			buildConfigurationList = 935A4D0B5FD94413B9C46BC5 /* Build configuration list for PBXProject "DS4" */;
			compatibilityVersion = "Xcode 14.0";
			developmentRegion = en;
			hasScannedForEncodings = 0;
			knownRegions = (
				en,
				"zh-Hans",
				"zh-Hant",
				ja,
				Base,
			);
			mainGroup = 475A7F7A75EF48BE812DEEF8;
			productRefGroup = 81F85945C16F490C9F091E6F /* Products */;
			projectDirPath = "";
			projectRoot = "";
			targets = (
				D061DCF4E01E4FC3B7159E78 /* DS4 */,
			);
		};
/* End PBXProject section */

/* Begin PBXResourcesBuildPhase section */
		893888A6584E4CB18768BA46 /* Resources */ = {
			isa = PBXResourcesBuildPhase;
			buildActionMask = 2147483647;
			files = (
				AF0DD7D9BC0F442E9FA0D930 /* Localizable.strings in Resources */,
				8CFA61FB9DCC4AEB84B7DAED /* Localizable.strings in Resources */,
				8947E93D2F6C496D9CCB03B5 /* Localizable.strings in Resources */,
				D5FFB7305B304EA5AED5E26F /* Localizable.strings in Resources */,
			
				002D8CABFA444207B8DA13A5 /* Assets.xcassets in Resources */,
				F8C1AC82A3E04BD2B21B9F90 /* AppIcon.icns in Resources */,);
			runOnlyForDeploymentPostprocessing = 0;
		};
/* End PBXResourcesBuildPhase section */

/* Begin PBXShellScriptBuildPhase section */
		48B5665F547847CD890CAA74 /* Re-sign without Sandbox (Debug only) */ = {
			isa = PBXShellScriptBuildPhase;
			buildActionMask = 2147483647;
			files = (
			);
			inputFileListPaths = (
			);
			inputPaths = (
			);
			name = "Re-sign without Sandbox (Debug only)";
			outputFileListPaths = (
			);
			outputPaths = (
			);
			runOnlyForDeploymentPostprocessing = 0;
			shellPath = /bin/bash;
			shellScript = "if [ \"$CONFIGURATION\" = \"Debug\" ]; then\n  ENTS=$(mktemp /tmp/ds4.XXXXXX.plist)\n  printf '<?xml version=\"1.0\"?><plist version=\"1.0\"><dict><key>com.apple.security.get-task-allow</key><true/></dict></plist>' > \"$ENTS\"\n  codesign --force --sign - --entitlements \"$ENTS\" \"$CODESIGNING_FOLDER_PATH\" || true\n  rm -f \"$ENTS\"\nfi\n";
		};
/* End PBXShellScriptBuildPhase section */

/* Begin PBXSourcesBuildPhase section */
		CE29FD9B3AFA4DE7BBB13E96 /* Sources */ = {
			isa = PBXSourcesBuildPhase;
			buildActionMask = 2147483647;
			files = (
				AF1F75BA7F014BE9A85418DC /* AppDelegate.swift in Sources */,
				98E04E3EDEC343A2A8741D6E /* L10n.swift in Sources */,
				C5BD296B8BFC49308715AC17 /* LogWindowController.swift in Sources */,
				2791E2B6E8AD4B5B9278E80D /* ModelSetupWindowController.swift in Sources */,
				2AA62147EAEA44BFB348F154 /* ServerManager.swift in Sources */,
				B288C09478CD4633B53DB17B /* Settings.swift in Sources */,
				FF66EE55DD44CC33BB22AA11 /* LaunchAtLoginManager.swift in Sources */,
				4A02EA65745942FDA8371431 /* SettingsWindowController.swift in Sources */,
				C442BEE1C97F4953B6875A24 /* main.swift in Sources */,
				78E07086B9C04137A5D9AE17 /* ds4.c in Sources */,
				03BA04A03A5948659603926B /* ds4_ssd.c in Sources */,
				A956F329F3F441EABB11BC1F /* ds4_distributed.c in Sources */,
				F94FD57E5B7F4A4388FE6D82 /* ds4_metal.m in Sources */,
				9CF55F0F59894D0EB255222A /* ds4_server_embed.c in Sources */,
				8ED7F383E14C4EA48A9F5CC0 /* ds4_help.c in Sources */,
				7E5695DF7C4749EC96B4AD11 /* ds4_kvstore.c in Sources */,
				0B71CDEB39A04297BB12CD9E /* rax.c in Sources */,
				D5AA0000000000000000AA20 /* ds4_layer_pack.c in Sources */,
				D5AA0000000000000000AA21 /* ds4_tp.c in Sources */,
				D5AA0000000000000000AA22 /* ds4_gpu_args.c in Sources */,
			);
			runOnlyForDeploymentPostprocessing = 0;
		};
/* End PBXSourcesBuildPhase section */

/* Begin XCBuildConfiguration section */
		3DF2FBC88C90444E941750F8 /* Debug */ = {
			isa = XCBuildConfiguration;
			buildSettings = {
				ALWAYS_SEARCH_USER_PATHS = NO;
				CLANG_ENABLE_MODULES = YES;
				CLANG_ENABLE_OBJC_ARC = YES;
				CODE_SIGN_ENTITLEMENTS = DS4MacOS.entitlements;
				"CODE_SIGN_IDENTITY[sdk=macosx*]" = "Apple Development";
				CODE_SIGN_STYLE = Automatic;
				CURRENT_PROJECT_VERSION = 1;
				DEAD_CODE_STRIPPING = YES;
				DEBUG_INFORMATION_FORMAT = dwarf;
				DEVELOPMENT_TEAM = NQP8WK7596;
				ENABLE_HARDENED_RUNTIME = YES;
				GCC_PREPROCESSOR_DEFINITIONS = (
					"DS4_SERVER_TEST_NO_MAIN=1",
					"$(inherited)",
				);
				HEADER_SEARCH_PATHS = (
					"$(SRCROOT)/ds4-engine/embed/include",
					"$(SRCROOT)/ds4-engine/upstream",
				);
				INFOPLIST_FILE = Sources/Info.plist;
				LD_RUNPATH_SEARCH_PATHS = (
					"$(inherited)",
					"@executable_path/../Frameworks",
				);
				MACOSX_DEPLOYMENT_TARGET = 13.5;
				MACOS_DEPLOYMENT_TARGET = 13.0;
				MARKETING_VERSION = 1.0;
				ONLY_ACTIVE_ARCH = YES;
				OTHER_LDFLAGS = (
					"-lm",
					"-lpthread",
					"-framework",
					Metal,
					"-framework",
					Foundation,
				);
				PRODUCT_BUNDLE_IDENTIFIER = "com.iopanda.ds4-macos";
				PRODUCT_NAME = "ds4-server-gui";
				SDKROOT = macosx;
				SWIFT_ACTIVE_COMPILATION_CONDITIONS = DEBUG;
				SWIFT_OBJC_BRIDGING_HEADER = "Sources/DS4-Bridging-Header.h";
				ASETCATALOG_COMPILER_APPICON_NAME = AppIcon;
				SWIFT_OPTIMIZATION_LEVEL = "-Onone";
				SWIFT_VERSION = 5.0;
			};
			name = Debug;
		};
		5B042497EA4F4AE7A9BC27A7 /* Debug */ = {
			isa = XCBuildConfiguration;
			buildSettings = {
				ALWAYS_SEARCH_USER_PATHS = NO;
				CLANG_ANALYZER_LOCALIZABILITY_NONLOCALIZED = YES;
				CLANG_WARN_BLOCK_CAPTURE_AUTORELEASING = YES;
				CLANG_WARN_BOOL_CONVERSION = YES;
				CLANG_WARN_COMMA = YES;
				CLANG_WARN_CONSTANT_CONVERSION = YES;
				CLANG_WARN_DEPRECATED_OBJC_IMPLEMENTATIONS = YES;
				CLANG_WARN_EMPTY_BODY = YES;
				CLANG_WARN_ENUM_CONVERSION = YES;
				CLANG_WARN_INFINITE_RECURSION = YES;
				CLANG_WARN_INT_CONVERSION = YES;
				CLANG_WARN_NON_LITERAL_NULL_CONVERSION = YES;
				CLANG_WARN_OBJC_IMPLICIT_RETAIN_SELF = YES;
				CLANG_WARN_OBJC_LITERAL_CONVERSION = YES;
				CLANG_WARN_QUOTED_INCLUDE_IN_FRAMEWORK_HEADER = YES;
				CLANG_WARN_RANGE_LOOP_ANALYSIS = YES;
				CLANG_WARN_STRICT_PROTOTYPES = YES;
				CLANG_WARN_SUSPICIOUS_MOVE = YES;
				CLANG_WARN_UNREACHABLE_CODE = YES;
				CLANG_WARN__DUPLICATE_METHOD_MATCH = YES;
				DEAD_CODE_STRIPPING = YES;
				ENABLE_STRICT_OBJC_MSGSEND = YES;
				ENABLE_TESTABILITY = YES;
				ENABLE_USER_SCRIPT_SANDBOXING = YES;
				GCC_NO_COMMON_BLOCKS = YES;
				GCC_WARN_64_TO_32_BIT_CONVERSION = YES;
				GCC_WARN_ABOUT_RETURN_TYPE = YES;
				GCC_WARN_UNDECLARED_SELECTOR = YES;
				GCC_WARN_UNINITIALIZED_AUTOS = YES;
				GCC_WARN_UNUSED_FUNCTION = YES;
				GCC_WARN_UNUSED_VARIABLE = YES;
				ONLY_ACTIVE_ARCH = YES;
				STRING_CATALOG_GENERATE_SYMBOLS = YES;
			};
			name = Debug;
		};
		841D68F81B61471AB6EE80DF /* Release */ = {
			isa = XCBuildConfiguration;
			buildSettings = {
				ALWAYS_SEARCH_USER_PATHS = NO;
				CLANG_ENABLE_MODULES = YES;
				CLANG_ENABLE_OBJC_ARC = YES;
				CODE_SIGN_ENTITLEMENTS = DS4MacOS.entitlements;
				"CODE_SIGN_IDENTITY[sdk=macosx*]" = "Apple Development";
				CODE_SIGN_STYLE = Automatic;
				CURRENT_PROJECT_VERSION = 1;
				DEAD_CODE_STRIPPING = YES;
				DEBUG_INFORMATION_FORMAT = "dwarf-with-dsym";
				DEVELOPMENT_TEAM = NQP8WK7596;
				ENABLE_HARDENED_RUNTIME = YES;
				GCC_PREPROCESSOR_DEFINITIONS = (
					"DS4_SERVER_TEST_NO_MAIN=1",
					"$(inherited)",
				);
				HEADER_SEARCH_PATHS = (
					"$(SRCROOT)/ds4-engine/embed/include",
					"$(SRCROOT)/ds4-engine/upstream",
				);
				INFOPLIST_FILE = Sources/Info.plist;
				LD_RUNPATH_SEARCH_PATHS = (
					"$(inherited)",
					"@executable_path/../Frameworks",
				);
				MACOSX_DEPLOYMENT_TARGET = 13.5;
				MACOS_DEPLOYMENT_TARGET = 13.0;
				MARKETING_VERSION = 1.0;
				OTHER_LDFLAGS = (
					"-lm",
					"-lpthread",
					"-framework",
					Metal,
					"-framework",
					Foundation,
				);
				PRODUCT_BUNDLE_IDENTIFIER = "com.iopanda.ds4-macos";
				PRODUCT_NAME = "ds4-server-gui";
				SDKROOT = macosx;
				SWIFT_OBJC_BRIDGING_HEADER = "Sources/DS4-Bridging-Header.h";
				ASETCATALOG_COMPILER_APPICON_NAME = AppIcon;
				SWIFT_OPTIMIZATION_LEVEL = "-O";
				SWIFT_VERSION = 5.0;
			};
			name = Release;
		};
		A6937CE7126F445FB8F3B21E /* Release */ = {
			isa = XCBuildConfiguration;
			buildSettings = {
				ALWAYS_SEARCH_USER_PATHS = NO;
				CLANG_ANALYZER_LOCALIZABILITY_NONLOCALIZED = YES;
				CLANG_WARN_BLOCK_CAPTURE_AUTORELEASING = YES;
				CLANG_WARN_BOOL_CONVERSION = YES;
				CLANG_WARN_COMMA = YES;
				CLANG_WARN_CONSTANT_CONVERSION = YES;
				CLANG_WARN_DEPRECATED_OBJC_IMPLEMENTATIONS = YES;
				CLANG_WARN_EMPTY_BODY = YES;
				CLANG_WARN_ENUM_CONVERSION = YES;
				CLANG_WARN_INFINITE_RECURSION = YES;
				CLANG_WARN_INT_CONVERSION = YES;
				CLANG_WARN_NON_LITERAL_NULL_CONVERSION = YES;
				CLANG_WARN_OBJC_IMPLICIT_RETAIN_SELF = YES;
				CLANG_WARN_OBJC_LITERAL_CONVERSION = YES;
				CLANG_WARN_QUOTED_INCLUDE_IN_FRAMEWORK_HEADER = YES;
				CLANG_WARN_RANGE_LOOP_ANALYSIS = YES;
				CLANG_WARN_STRICT_PROTOTYPES = YES;
				CLANG_WARN_SUSPICIOUS_MOVE = YES;
				CLANG_WARN_UNREACHABLE_CODE = YES;
				CLANG_WARN__DUPLICATE_METHOD_MATCH = YES;
				DEAD_CODE_STRIPPING = YES;
				ENABLE_STRICT_OBJC_MSGSEND = YES;
				ENABLE_USER_SCRIPT_SANDBOXING = YES;
				GCC_NO_COMMON_BLOCKS = YES;
				GCC_WARN_64_TO_32_BIT_CONVERSION = YES;
				GCC_WARN_ABOUT_RETURN_TYPE = YES;
				GCC_WARN_UNDECLARED_SELECTOR = YES;
				GCC_WARN_UNINITIALIZED_AUTOS = YES;
				GCC_WARN_UNUSED_FUNCTION = YES;
				GCC_WARN_UNUSED_VARIABLE = YES;
				STRING_CATALOG_GENERATE_SYMBOLS = YES;
				SWIFT_COMPILATION_MODE = wholemodule;
			};
			name = Release;
		};
/* End XCBuildConfiguration section */

/* Begin XCConfigurationList section */
		7D5FD5F5F0B0498984845E9D /* Build configuration list for PBXNativeTarget "DS4" */ = {
			isa = XCConfigurationList;
			buildConfigurations = (
				3DF2FBC88C90444E941750F8 /* Debug */,
				841D68F81B61471AB6EE80DF /* Release */,
			);
			defaultConfigurationIsVisible = 0;
			defaultConfigurationName = Release;
		};
		935A4D0B5FD94413B9C46BC5 /* Build configuration list for PBXProject "DS4" */ = {
			isa = XCConfigurationList;
			buildConfigurations = (
				5B042497EA4F4AE7A9BC27A7 /* Debug */,
				A6937CE7126F445FB8F3B21E /* Release */,
			);
			defaultConfigurationIsVisible = 0;
			defaultConfigurationName = Release;
		};
/* End XCConfigurationList section */
	};
	rootObject = 9520C0ED2CD54E6FB9152F04 /* Project object */;
}
